
Microsoft Visual Studio Solution File, Format Version 12.00
# Visual Studio Version 16
VisualStudioVersion = 16.0.30717.126
MinimumVisualStudioVersion = 10.0.40219.1
Project("{9A19103F-16F7-4668-BE54-9A1E7A4F7556}") = "Data", "Data\Data.csproj", "{5CCE65DA-EFB4-414F-8C1F-8F6E9D0234DD}"
EndProject
Project("{9A19103F-16F7-4668-BE54-9A1E7A4F7556}") = "Models", "Models\Models.csproj", "{44224E05-C0E7-4F72-96D0-03C950D65B2C}"
EndProject
Project("{9A19103F-16F7-4668-BE54-9A1E7A4F7556}") = "Services", "Services\Services.csproj", "{7300A072-D61E-4F62-A24F-A726AF25614D}"
EndProject
Project("{9A19103F-16F7-4668-BE54-9A1E7A4F7556}") = "ViewModels", "ViewModels\ViewModels.csproj", "{879BBB65-1009-44C7-8719-BD9ADF3FEDCC}"
EndProject
Project("{9A19103F-16F7-4668-BE54-9A1E7A4F7556}") = "Mapping", "Mapping\Mapping.csproj", "{800A3B94-3946-474A-ACA8-D242586D8687}"
EndProject
Project("{9A19103F-16F7-4668-BE54-9A1E7A4F7556}") = "Web", "Web\Web.csproj", "{EF2B90F8-649D-491D-AD65-DA433B248210}"
EndProject
Project("{FAE04EC0-301F-11D3-BF4B-00C04F79EFBC}") = "Tests", "Tests\Tests.csproj", "{E79756A3-1709-41C7-BA52-253771B138D8}"
EndProject
Global
	GlobalSection(SolutionConfigurationPlatforms) = preSolution
		Debug|Any CPU = Debug|Any CPU
		Release|Any CPU = Release|Any CPU
	EndGlobalSection
	GlobalSection(ProjectConfigurationPlatforms) = postSolution
		{5CCE65DA-EFB4-414F-8C1F-8F6E9D0234DD}.Debug|Any CPU.ActiveCfg = Debug|Any CPU
		{5CCE65DA-EFB4-414F-8C1F-8F6E9D0234DD}.Debug|Any CPU.Build.0 = Debug|Any CPU
		{5CCE65DA-EFB4-414F-8C1F-8F6E9D0234DD}.Release|Any CPU.ActiveCfg = Release|Any CPU
		{5CCE65DA-EFB4-414F-8C1F-8F6E9D0234DD}.Release|Any CPU.Build.0 = Release|Any CPU
		{44224E05-C0E7-4F72-96D0-03C950D65B2C}.Debug|Any CPU.ActiveCfg = Debug|Any CPU
		{44224E05-C0E7-4F72-96D0-03C950D65B2C}.Debug|Any CPU.Build.0 = Debug|Any CPU
		{44224E05-C0E7-4F72-96D0-03C950D65B2C}.Release|Any CPU.ActiveCfg = Release|Any CPU
		{44224E05-C0E7-4F72-96D0-03C950D65B2C}.Release|Any CPU.Build.0 = Release|Any CPU
		{7300A072-D61E-4F62-A24F-A726AF25614D}.Debug|Any CPU.ActiveCfg = Debug|Any CPU
		{7300A072-D61E-4F62-A24F-A726AF25614D}.Debug|Any CPU.Build.0 = Debug|Any CPU
		{7300A072-D61E-4F62-A24F-A726AF25614D}.Release|Any CPU.ActiveCfg = Release|Any CPU
		{7300A072-D61E-4F62-A24F-A726AF25614D}.Release|Any CPU.Build.0 = Release|Any CPU
		{879BBB65-1009-44C7-8719-BD9ADF3FEDCC}.Debug|Any CPU.ActiveCfg = Debug|Any CPU
		{879BBB65-1009-44C7-8719-BD9ADF3FEDCC}.Debug|Any CPU.Build.0 = Debug|Any CPU
		{879BBB65-1009-44C7-8719-BD9ADF3FEDCC}.Release|Any CPU.ActiveCfg = Release|Any CPU
		{879BBB65-1009-44C7-8719-BD9ADF3FEDCC}.Release|Any CPU.Build.0 = Release|Any CPU
		{800A3B94-3946-474A-ACA8-D242586D8687}.Debug|Any CPU.ActiveCfg = Debug|Any CPU
		{800A3B94-3946-474A-ACA8-D242586D8687}.Debug|Any CPU.Build.0 = Debug|Any CPU
		{800A3B94-3946-474A-ACA8-D242586D8687}.Release|Any CPU.ActiveCfg = Release|Any CPU
		{800A3B94-3946-474A-ACA8-D242586D8687}.Release|Any CPU.Build.0 = Release|Any CPU
		{EF2B90F8-649D-491D-AD65-DA433B248210}.Debug|Any CPU.ActiveCfg = Debug|Any CPU
		{EF2B90F8-649D-491D-AD65-DA433B248210}.Debug|Any CPU.Build.0 = Debug|Any CPU
		{EF2B90F8-649D-491D-AD65-DA433B248210}.Release|Any CPU.ActiveCfg = Release|Any CPU
		{EF2B90F8-649D-491D-AD65-DA433B248210}.Release|Any CPU.Build.0 = Release|Any CPU
		{E79756A3-1709-41C7-BA52-253771B138D8}.Debug|Any CPU.ActiveCfg = Debug|Any CPU
		{E79756A3-1709-41C7-BA52-253771B138D8}.Debug|Any CPU.Build.0 = Debug|Any CPU
		{E79756A3-1709-41C7-BA52-253771B138D8}.Release|Any CPU.ActiveCfg = Release|Any CPU
		{E79756A3-1709-41C7-BA52-253771B138D8}.Release|Any CPU.Build.0 = Release|Any CPU
	EndGlobalSection
	GlobalSection(SolutionProperties) = preSolution
		HideSolutionNode = FALSE
	EndGlobalSection
	GlobalSection(ExtensibilityGlobals) = postSolution
		SolutionGuid = {20328DDB-478F-45EE-9F0A-B0ECDDDB1BD2}
	EndGlobalSection
EndGlobal
